
Microsoft Visual Studio Solution File, Format Version 12.00
# Visual Studio Version 16
VisualStudioVersion = 16.0.30804.86
MinimumVisualStudioVersion = 10.0.40219.1
Project("{9A19103F-16F7-4668-BE54-9A1E7A4F7556}") = "LoadingArtistCrowdSource.Server", "LoadingArtistCrowdSource\Server\LoadingArtistCrowdSource.Server.csproj", "{57AA872C-1CCF-4A2B-B7B8-5FED09CE9EE9}"
EndProject
Project("{9A19103F-16F7-4668-BE54-9A1E7A4F7556}") = "LoadingArtistCrowdSource.Client", "LoadingArtistCrowdSource\Client\LoadingArtistCrowdSource.Client.csproj", "{D65BD547-7B3F-4499-A097-783602C0C9F4}"
EndProject
Project("{9A19103F-16F7-4668-BE54-9A1E7A4F7556}") = "LoadingArtistCrowdSource.Shared", "LoadingArtistCrowdSource\Shared\LoadingArtistCrowdSource.Shared.csproj", "{BA45D648-B891-4911-B09F-3AC818B67EE7}"
EndProject
Global
	GlobalSection(SolutionConfigurationPlatforms) = preSolution
		Debug|Any CPU = Debug|Any CPU
		Release|Any CPU = Release|Any CPU
	EndGlobalSection
	GlobalSection(ProjectConfigurationPlatforms) = postSolution
		{57AA872C-1CCF-4A2B-B7B8-5FED09CE9EE9}.Debug|Any CPU.ActiveCfg = Debug|Any CPU
		{57AA872C-1CCF-4A2B-B7B8-5FED09CE9EE9}.Debug|Any CPU.Build.0 = Debug|Any CPU
		{57AA872C-1CCF-4A2B-B7B8-5FED09CE9EE9}.Release|Any CPU.ActiveCfg = Release|Any CPU
		{57AA872C-1CCF-4A2B-B7B8-5FED09CE9EE9}.Release|Any CPU.Build.0 = Release|Any CPU
		{D65BD547-7B3F-4499-A097-783602C0C9F4}.Debug|Any CPU.ActiveCfg = Debug|Any CPU
		{D65BD547-7B3F-4499-A097-783602C0C9F4}.Debug|Any CPU.Build.0 = Debug|Any CPU
		{D65BD547-7B3F-4499-A097-783602C0C9F4}.Release|Any CPU.ActiveCfg = Release|Any CPU
		{D65BD547-7B3F-4499-A097-783602C0C9F4}.Release|Any CPU.Build.0 = Release|Any CPU
		{BA45D648-B891-4911-B09F-3AC818B67EE7}.Debug|Any CPU.ActiveCfg = Debug|Any CPU
		{BA45D648-B891-4911-B09F-3AC818B67EE7}.Debug|Any CPU.Build.0 = Debug|Any CPU
		{BA45D648-B891-4911-B09F-3AC818B67EE7}.Release|Any CPU.ActiveCfg = Release|Any CPU
		{BA45D648-B891-4911-B09F-3AC818B67EE7}.Release|Any CPU.Build.0 = Release|Any CPU
	EndGlobalSection
	GlobalSection(SolutionProperties) = preSolution
		HideSolutionNode = FALSE
	EndGlobalSection
	GlobalSection(ExtensibilityGlobals) = postSolution
		SolutionGuid = {FA7B0040-53E9-48E2-9D01-81D51654216D}
	EndGlobalSection
EndGlobal
